
Microsoft Visual Studio Solution File, Format Version 12.00
# Visual Studio Version 17
VisualStudioVersion = 17.5.002.0
MinimumVisualStudioVersion = 10.0.40219.1
Project("{9A19103F-16F7-4668-BE54-9A1E7A4F7556}") = "ContosoPizza", "ContosoPizza\ContosoPizza.csproj", "{A612EDF1-4C61-4F02-820B-7C3CD533294F}"
EndProject
Global
	GlobalSection(SolutionConfigurationPlatforms) = preSolution
		Debug|Any CPU = Debug|Any CPU
		Release|Any CPU = Release|Any CPU
	EndGlobalSection
	GlobalSection(ProjectConfigurationPlatforms) = postSolution
		{A612EDF1-4C61-4F02-820B-7C3CD533294F}.Debug|Any CPU.ActiveCfg = Debug|Any CPU
		{A612EDF1-4C61-4F02-820B-7C3CD533294F}.Debug|Any CPU.Build.0 = Debug|Any CPU
		{A612EDF1-4C61-4F02-820B-7C3CD533294F}.Release|Any CPU.ActiveCfg = Release|Any CPU
		{A612EDF1-4C61-4F02-820B-7C3CD533294F}.Release|Any CPU.Build.0 = Release|Any CPU
	EndGlobalSection
	GlobalSection(SolutionProperties) = preSolution
		HideSolutionNode = FALSE
	EndGlobalSection
	GlobalSection(ExtensibilityGlobals) = postSolution
		SolutionGuid = {7C323DB9-9666-49A2-BFA8-A0A991278881}
	EndGlobalSection
EndGlobal
